
Microsoft Visual Studio Solution File, Format Version 12.00
# Visual Studio Version 16
VisualStudioVersion = 16.0.31025.194
MinimumVisualStudioVersion = 10.0.40219.1
Project("{FAE04EC0-301F-11D3-BF4B-00C04F79EFBC}") = "ExerciseCRUD", "ExerciseCRUD\ExerciseCRUD.csproj", "{254652F0-3F3A-4BB9-92D1-3F4951F1D264}"
EndProject
Global
	GlobalSection(SolutionConfigurationPlatforms) = preSolution
		Debug|Any CPU = Debug|Any CPU
		Release|Any CPU = Release|Any CPU
	EndGlobalSection
	GlobalSection(ProjectConfigurationPlatforms) = postSolution
		{254652F0-3F3A-4BB9-92D1-3F4951F1D264}.Debug|Any CPU.ActiveCfg = Debug|Any CPU
		{254652F0-3F3A-4BB9-92D1-3F4951F1D264}.Debug|Any CPU.Build.0 = Debug|Any CPU
		{254652F0-3F3A-4BB9-92D1-3F4951F1D264}.Release|Any CPU.ActiveCfg = Release|Any CPU
		{254652F0-3F3A-4BB9-92D1-3F4951F1D264}.Release|Any CPU.Build.0 = Release|Any CPU
	EndGlobalSection
	GlobalSection(SolutionProperties) = preSolution
		HideSolutionNode = FALSE
	EndGlobalSection
	GlobalSection(ExtensibilityGlobals) = postSolution
		SolutionGuid = {BC70B237-5514-4AD8-BF57-DE9FE2724A64}
	EndGlobalSection
EndGlobal
